{
  "name": "auth0-widget.js",
  "version": "4.0.31",
  "dependencies": {
    "auth0-js": {
      "version": "2.1.6",
      "from": "auth0-js@~2.1.6",
      "dependencies": {
        "qs": {
          "version": "0.6.5",
          "from": "https://github.com/jfromaniello/node-querystring/tarball/master",
          "resolved": "https://github.com/jfromaniello/node-querystring/tarball/master"
        },
        "Base64": {
          "version": "0.1.4",
          "from": "Base64@~0.1.3",
          "resolved": "https://registry.npmjs.org/Base64/-/Base64-0.1.4.tgz"
        },
        "reqwest": {
          "version": "0.9.7",
          "from": "reqwest@~0.9.0",
          "resolved": "https://registry.npmjs.org/reqwest/-/reqwest-0.9.7.tgz"
        },
        "debug": {
          "version": "0.7.3",
          "from": "https://github.com/jfromaniello/debug/tarball/master",
          "resolved": "https://github.com/jfromaniello/debug/tarball/master"
        },
        "jsonp": {
          "version": "0.0.3",
          "from": "jsonp@0.0.3",
          "resolved": "https://registry.npmjs.org/jsonp/-/jsonp-0.0.3.tgz"
        },
        "xtend": {
          "version": "2.1.2",
          "from": "xtend@~2.1.1",
          "resolved": "https://registry.npmjs.org/xtend/-/xtend-2.1.2.tgz",
          "dependencies": {
            "object-keys": {
              "version": "0.4.0",
              "from": "object-keys@~0.4.0",
              "resolved": "https://registry.npmjs.org/object-keys/-/object-keys-0.4.0.tgz"
            }
          }
        }
      }
    },
    "bean": {
      "version": "1.0.6",
      "from": "bean@1.0.6",
      "resolved": "https://registry.npmjs.org/bean/-/bean-1.0.6.tgz"
    },
    "bonzo": {
      "version": "1.3.7",
      "from": "bonzo@1.3.7",
      "resolved": "https://registry.npmjs.org/bonzo/-/bonzo-1.3.7.tgz"
    },
    "css-prefix": {
      "version": "0.0.2",
      "from": "css-prefix@0.0.2",
      "resolved": "https://registry.npmjs.org/css-prefix/-/css-prefix-0.0.2.tgz",
      "dependencies": {
        "cssp": {
          "version": "1.0.6",
          "from": "cssp@1.0.6",
          "resolved": "https://registry.npmjs.org/cssp/-/cssp-1.0.6.tgz",
          "dependencies": {
            "ometajs": {
              "version": "3.1.19",
              "from": "ometajs@3.1.19",
              "resolved": "https://registry.npmjs.org/ometajs/-/ometajs-3.1.19.tgz",
              "dependencies": {
                "coa": {
                  "version": "0.3.9",
                  "from": "coa@0.3.9",
                  "resolved": "https://registry.npmjs.org/coa/-/coa-0.3.9.tgz"
                },
                "q": {
                  "version": "0.8.12",
                  "from": "q@0.8.12",
                  "resolved": "https://registry.npmjs.org/q/-/q-0.8.12.tgz"
                },
                "uglify-js": {
                  "version": "1.3.5",
                  "from": "uglify-js@1.3.5",
                  "resolved": "https://registry.npmjs.org/uglify-js/-/uglify-js-1.3.5.tgz"
                }
              }
            }
          }
        },
        "traverse": {
          "version": "0.6.6",
          "from": "traverse@0.6.6",
          "resolved": "https://registry.npmjs.org/traverse/-/traverse-0.6.6.tgz"
        }
      }
    },
    "domready": {
      "version": "0.2.13",
      "from": "domready@0.2.13",
      "resolved": "https://registry.npmjs.org/domready/-/domready-0.2.13.tgz"
    },
    "ejsify": {
      "version": "0.1.0",
      "from": "ejsify@0.1.0",
      "resolved": "https://registry.npmjs.org/ejsify/-/ejsify-0.1.0.tgz",
      "dependencies": {
        "ejs": {
          "version": "0.8.8",
          "from": "ejs@0.8.8",
          "resolved": "https://registry.npmjs.org/ejs/-/ejs-0.8.8.tgz"
        }
      }
    },
    "has-transitions": {
      "version": "0.3.0",
      "from": "https://github.com/jfromaniello/has-transitions/tarball/patch-1",
      "resolved": "https://github.com/jfromaniello/has-transitions/tarball/patch-1"
    },
    "qwery": {
      "version": "3.4.2",
      "from": "qwery@3.4.2",
      "resolved": "https://registry.npmjs.org/qwery/-/qwery-3.4.2.tgz"
    },
    "underscore": {
      "version": "1.5.2",
      "from": "underscore@1.5.2",
      "resolved": "https://registry.npmjs.org/underscore/-/underscore-1.5.2.tgz"
    }
  }
}
